// !$*UTF8*$!
{
	archiveVersion = 1;
	classes = {
	};
	objectVersion = 46;
	objects = {

/* Begin PBXBuildFile section */
		597E0A1F1E10C07900A5783F /* main.m in Sources */ = {isa = PBXBuildFile; fileRef = 597E0A1E1E10C07900A5783F /* main.m */; };
		597E0A221E10C07900A5783F /* AppDelegate.m in Sources */ = {isa = PBXBuildFile; fileRef = 597E0A211E10C07900A5783F /* AppDelegate.m */; };
		597E0A251E10C07900A5783F /* ViewController.m in Sources */ = {isa = PBXBuildFile; fileRef = 597E0A241E10C07900A5783F /* ViewController.m */; };
		597E0A281E10C07900A5783F /* Main.storyboard in Resources */ = {isa = PBXBuildFile; fileRef = 597E0A261E10C07900A5783F /* Main.storyboard */; };
		597E0A2A1E10C07900A5783F /* Assets.xcassets in Resources */ = {isa = PBXBuildFile; fileRef = 597E0A291E10C07900A5783F /* Assets.xcassets */; };
		597E0A2D1E10C07900A5783F /* LaunchScreen.storyboard in Resources */ = {isa = PBXBuildFile; fileRef = 597E0A2B1E10C07900A5783F /* LaunchScreen.storyboard */; };
		597E0A381E10C07A00A5783F /* ChGifImageViewTests.m in Sources */ = {isa = PBXBuildFile; fileRef = 597E0A371E10C07A00A5783F /* ChGifImageViewTests.m */; };
		597E0A431E10C07A00A5783F /* ChGifImageViewUITests.m in Sources */ = {isa = PBXBuildFile; fileRef = 597E0A421E10C07A00A5783F /* ChGifImageViewUITests.m */; };
/* End PBXBuildFile section */

/* Begin PBXContainerItemProxy section */
		597E0A341E10C07A00A5783F /* PBXContainerItemProxy */ = {
			isa = PBXContainerItemProxy;
			containerPortal = 597E0A121E10C07900A5783F /* Project object */;
			proxyType = 1;
			remoteGlobalIDString = 597E0A191E10C07900A5783F;
			remoteInfo = ChGifImageView;
		};
		597E0A3F1E10C07A00A5783F /* PBXContainerItemProxy */ = {
			isa = PBXContainerItemProxy;
			containerPortal = 597E0A121E10C07900A5783F /* Project object */;
			proxyType = 1;
			remoteGlobalIDString = 597E0A191E10C07900A5783F;
			remoteInfo = ChGifImageView;
		};
/* End PBXContainerItemProxy section */

/* Begin PBXFileReference section */
		597E0A1A1E10C07900A5783F /* ChGifImageView.app */ = {isa = PBXFileReference; explicitFileType = wrapper.application; includeInIndex = 0; path = ChGifImageView.app; sourceTree = BUILT_PRODUCTS_DIR; };
		597E0A1E1E10C07900A5783F /* main.m */ = {isa = PBXFileReference; lastKnownFileType = sourcecode.c.objc; path = main.m; sourceTree = "<group>"; };
		597E0A201E10C07900A5783F /* AppDelegate.h */ = {isa = PBXFileReference; lastKnownFileType = sourcecode.c.h; path = AppDelegate.h; sourceTree = "<group>"; };
		597E0A211E10C07900A5783F /* AppDelegate.m */ = {isa = PBXFileReference; lastKnownFileType = sourcecode.c.objc; path = AppDelegate.m; sourceTree = "<group>"; };
		597E0A231E10C07900A5783F /* ViewController.h */ = {isa = PBXFileReference; lastKnownFileType = sourcecode.c.h; path = ViewController.h; sourceTree = "<group>"; };
		597E0A241E10C07900A5783F /* ViewController.m */ = {isa = PBXFileReference; lastKnownFileType = sourcecode.c.objc; path = ViewController.m; sourceTree = "<group>"; };
		597E0A271E10C07900A5783F /* Base */ = {isa = PBXFileReference; lastKnownFileType = file.storyboard; name = Base; path = Base.lproj/Main.storyboard; sourceTree = "<group>"; };
		597E0A291E10C07900A5783F /* Assets.xcassets */ = {isa = PBXFileReference; lastKnownFileType = folder.assetcatalog; path = Assets.xcassets; sourceTree = "<group>"; };
		597E0A2C1E10C07900A5783F /* Base */ = {isa = PBXFileReference; lastKnownFileType = file.storyboard; name = Base; path = Base.lproj/LaunchScreen.storyboard; sourceTree = "<group>"; };
		597E0A2E1E10C07900A5783F /* Info.plist */ = {isa = PBXFileReference; lastKnownFileType = text.plist.xml; path = Info.plist; sourceTree = "<group>"; };
		597E0A331E10C07A00A5783F /* ChGifImageViewTests.xctest */ = {isa = PBXFileReference; explicitFileType = wrapper.cfbundle; includeInIndex = 0; path = ChGifImageViewTests.xctest; sourceTree = BUILT_PRODUCTS_DIR; };
		597E0A371E10C07A00A5783F /* ChGifImageViewTests.m */ = {isa = PBXFileReference; lastKnownFileType = sourcecode.c.objc; path = ChGifImageViewTests.m; sourceTree = "<group>"; };
		597E0A391E10C07A00A5783F /* Info.plist */ = {isa = PBXFileReference; lastKnownFileType = text.plist.xml; path = Info.plist; sourceTree = "<group>"; };
		597E0A3E1E10C07A00A5783F /* ChGifImageViewUITests.xctest */ = {isa = PBXFileReference; explicitFileType = wrapper.cfbundle; includeInIndex = 0; path = ChGifImageViewUITests.xctest; sourceTree = BUILT_PRODUCTS_DIR; };
		597E0A421E10C07A00A5783F /* ChGifImageViewUITests.m */ = {isa = PBXFileReference; lastKnownFileType = sourcecode.c.objc; path = ChGifImageViewUITests.m; sourceTree = "<group>"; };
		597E0A441E10C07A00A5783F /* Info.plist */ = {isa = PBXFileReference; lastKnownFileType = text.plist.xml; path = Info.plist; sourceTree = "<group>"; };
/* End PBXFileReference section */

/* Begin PBXFrameworksBuildPhase section */
		597E0A171E10C07900A5783F /* Frameworks */ = {
			isa = PBXFrameworksBuildPhase;
			buildActionMask = 2147483647;
			files = (
			);
			runOnlyForDeploymentPostprocessing = 0;
		};
		597E0A301E10C07A00A5783F /* Frameworks */ = {
			isa = PBXFrameworksBuildPhase;
			buildActionMask = 2147483647;
			files = (
			);
			runOnlyForDeploymentPostprocessing = 0;
		};
		597E0A3B1E10C07A00A5783F /* Frameworks */ = {
			isa = PBXFrameworksBuildPhase;
			buildActionMask = 2147483647;
			files = (
			);
			runOnlyForDeploymentPostprocessing = 0;
		};
/* End PBXFrameworksBuildPhase section */

/* Begin PBXGroup section */
		597E0A111E10C07900A5783F = {
			isa = PBXGroup;
			children = (
				597E0A1C1E10C07900A5783F /* ChGifImageView */,
				597E0A361E10C07A00A5783F /* ChGifImageViewTests */,
				597E0A411E10C07A00A5783F /* ChGifImageViewUITests */,
				597E0A1B1E10C07900A5783F /* Products */,
			);
			sourceTree = "<group>";
		};
		597E0A1B1E10C07900A5783F /* Products */ = {
			isa = PBXGroup;
			children = (
				597E0A1A1E10C07900A5783F /* ChGifImageView.app */,
				597E0A331E10C07A00A5783F /* ChGifImageViewTests.xctest */,
				597E0A3E1E10C07A00A5783F /* ChGifImageViewUITests.xctest */,
			);
			name = Products;
			sourceTree = "<group>";
		};
		597E0A1C1E10C07900A5783F /* ChGifImageView */ = {
			isa = PBXGroup;
			children = (
				597E0A201E10C07900A5783F /* AppDelegate.h */,
				597E0A211E10C07900A5783F /* AppDelegate.m */,
				597E0A231E10C07900A5783F /* ViewController.h */,
				597E0A241E10C07900A5783F /* ViewController.m */,
				597E0A261E10C07900A5783F /* Main.storyboard */,
				597E0A291E10C07900A5783F /* Assets.xcassets */,
				597E0A2B1E10C07900A5783F /* LaunchScreen.storyboard */,
				597E0A2E1E10C07900A5783F /* Info.plist */,
				597E0A1D1E10C07900A5783F /* Supporting Files */,
			);
			path = ChGifImageView;
			sourceTree = "<group>";
		};
		597E0A1D1E10C07900A5783F /* Supporting Files */ = {
			isa = PBXGroup;
			children = (
				597E0A1E1E10C07900A5783F /* main.m */,
			);
			name = "Supporting Files";
			sourceTree = "<group>";
		};
		597E0A361E10C07A00A5783F /* ChGifImageViewTests */ = {
			isa = PBXGroup;
			children = (
				597E0A371E10C07A00A5783F /* ChGifImageViewTests.m */,
				597E0A391E10C07A00A5783F /* Info.plist */,
			);
			path = ChGifImageViewTests;
			sourceTree = "<group>";
		};
		597E0A411E10C07A00A5783F /* ChGifImageViewUITests */ = {
			isa = PBXGroup;
			children = (
				597E0A421E10C07A00A5783F /* ChGifImageViewUITests.m */,
				597E0A441E10C07A00A5783F /* Info.plist */,
			);
			path = ChGifImageViewUITests;
			sourceTree = "<group>";
		};
/* End PBXGroup section */

/* Begin PBXNativeTarget section */
		597E0A191E10C07900A5783F /* ChGifImageView */ = {
			isa = PBXNativeTarget;
			buildConfigurationList = 597E0A471E10C07A00A5783F /* Build configuration list for PBXNativeTarget "ChGifImageView" */;
			buildPhases = (
				597E0A161E10C07900A5783F /* Sources */,
				597E0A171E10C07900A5783F /* Frameworks */,
				597E0A181E10C07900A5783F /* Resources */,
			);
			buildRules = (
			);
			dependencies = (
			);
			name = ChGifImageView;
			productName = ChGifImageView;
			productReference = 597E0A1A1E10C07900A5783F /* ChGifImageView.app */;
			productType = "com.apple.product-type.application";
		};
		597E0A321E10C07A00A5783F /* ChGifImageViewTests */ = {
			isa = PBXNativeTarget;
			buildConfigurationList = 597E0A4A1E10C07A00A5783F /* Build configuration list for PBXNativeTarget "ChGifImageViewTests" */;
			buildPhases = (
				597E0A2F1E10C07A00A5783F /* Sources */,
				597E0A301E10C07A00A5783F /* Frameworks */,
				597E0A311E10C07A00A5783F /* Resources */,
			);
			buildRules = (
			);
			dependencies = (
				597E0A351E10C07A00A5783F /* PBXTargetDependency */,
			);
			name = ChGifImageViewTests;
			productName = ChGifImageViewTests;
			productReference = 597E0A331E10C07A00A5783F /* ChGifImageViewTests.xctest */;
			productType = "com.apple.product-type.bundle.unit-test";
		};
		597E0A3D1E10C07A00A5783F /* ChGifImageViewUITests */ = {
			isa = PBXNativeTarget;
			buildConfigurationList = 597E0A4D1E10C07A00A5783F /* Build configuration list for PBXNativeTarget "ChGifImageViewUITests" */;
			buildPhases = (
				597E0A3A1E10C07A00A5783F /* Sources */,
				597E0A3B1E10C07A00A5783F /* Frameworks */,
				597E0A3C1E10C07A00A5783F /* Resources */,
			);
			buildRules = (
			);
			dependencies = (
				597E0A401E10C07A00A5783F /* PBXTargetDependency */,
			);
			name = ChGifImageViewUITests;
			productName = ChGifImageViewUITests;
			productReference = 597E0A3E1E10C07A00A5783F /* ChGifImageViewUITests.xctest */;
			productType = "com.apple.product-type.bundle.ui-testing";
		};
/* End PBXNativeTarget section */

/* Begin PBXProject section */
		597E0A121E10C07900A5783F /* Project object */ = {
			isa = PBXProject;
			attributes = {
				LastUpgradeCheck = 0820;
				ORGANIZATIONNAME = Ashuro;
				TargetAttributes = {
					597E0A191E10C07900A5783F = {
						CreatedOnToolsVersion = 8.2.1;
						ProvisioningStyle = Automatic;
					};
					597E0A321E10C07A00A5783F = {
						CreatedOnToolsVersion = 8.2.1;
						ProvisioningStyle = Automatic;
						TestTargetID = 597E0A191E10C07900A5783F;
					};
					597E0A3D1E10C07A00A5783F = {
						CreatedOnToolsVersion = 8.2.1;
						ProvisioningStyle = Automatic;
						TestTargetID = 597E0A191E10C07900A5783F;
					};
				};
			};
			buildConfigurationList = 597E0A151E10C07900A5783F /* Build configuration list for PBXProject "ChGifImageView" */;
			compatibilityVersion = "Xcode 3.2";
			developmentRegion = English;
			hasScannedForEncodings = 0;
			knownRegions = (
				en,
				Base,
			);
			mainGroup = 597E0A111E10C07900A5783F;
			productRefGroup = 597E0A1B1E10C07900A5783F /* Products */;
			projectDirPath = "";
			projectRoot = "";
			targets = (
				597E0A191E10C07900A5783F /* ChGifImageView */,
				597E0A321E10C07A00A5783F /* ChGifImageViewTests */,
				597E0A3D1E10C07A00A5783F /* ChGifImageViewUITests */,
			);
		};
/* End PBXProject section */

/* Begin PBXResourcesBuildPhase section */
		597E0A181E10C07900A5783F /* Resources */ = {
			isa = PBXResourcesBuildPhase;
			buildActionMask = 2147483647;
			files = (
				597E0A2D1E10C07900A5783F /* LaunchScreen.storyboard in Resources */,
				597E0A2A1E10C07900A5783F /* Assets.xcassets in Resources */,
				597E0A281E10C07900A5783F /* Main.storyboard in Resources */,
			);
			runOnlyForDeploymentPostprocessing = 0;
		};
		597E0A311E10C07A00A5783F /* Resources */ = {
			isa = PBXResourcesBuildPhase;
			buildActionMask = 2147483647;
			files = (
			);
			runOnlyForDeploymentPostprocessing = 0;
		};
		597E0A3C1E10C07A00A5783F /* Resources */ = {
			isa = PBXResourcesBuildPhase;
			buildActionMask = 2147483647;
			files = (
			);
			runOnlyForDeploymentPostprocessing = 0;
		};
/* End PBXResourcesBuildPhase section */

/* Begin PBXSourcesBuildPhase section */
		597E0A161E10C07900A5783F /* Sources */ = {
			isa = PBXSourcesBuildPhase;
			buildActionMask = 2147483647;
			files = (
				597E0A251E10C07900A5783F /* ViewController.m in Sources */,
				597E0A221E10C07900A5783F /* AppDelegate.m in Sources */,
				597E0A1F1E10C07900A5783F /* main.m in Sources */,
			);
			runOnlyForDeploymentPostprocessing = 0;
		};
		597E0A2F1E10C07A00A5783F /* Sources */ = {
			isa = PBXSourcesBuildPhase;
			buildActionMask = 2147483647;
			files = (
				597E0A381E10C07A00A5783F /* ChGifImageViewTests.m in Sources */,
			);
			runOnlyForDeploymentPostprocessing = 0;
		};
		597E0A3A1E10C07A00A5783F /* Sources */ = {
			isa = PBXSourcesBuildPhase;
			buildActionMask = 2147483647;
			files = (
				597E0A431E10C07A00A5783F /* ChGifImageViewUITests.m in Sources */,
			);
			runOnlyForDeploymentPostprocessing = 0;
		};
/* End PBXSourcesBuildPhase section */

/* Begin PBXTargetDependency section */
		597E0A351E10C07A00A5783F /* PBXTargetDependency */ = {
			isa = PBXTargetDependency;
			target = 597E0A191E10C07900A5783F /* ChGifImageView */;
			targetProxy = 597E0A341E10C07A00A5783F /* PBXContainerItemProxy */;
		};
		597E0A401E10C07A00A5783F /* PBXTargetDependency */ = {
			isa = PBXTargetDependency;
			target = 597E0A191E10C07900A5783F /* ChGifImageView */;
			targetProxy = 597E0A3F1E10C07A00A5783F /* PBXContainerItemProxy */;
		};
/* End PBXTargetDependency section */

/* Begin PBXVariantGroup section */
		597E0A261E10C07900A5783F /* Main.storyboard */ = {
			isa = PBXVariantGroup;
			children = (
				597E0A271E10C07900A5783F /* Base */,
			);
			name = Main.storyboard;
			sourceTree = "<group>";
		};
		597E0A2B1E10C07900A5783F /* LaunchScreen.storyboard */ = {
			isa = PBXVariantGroup;
			children = (
				597E0A2C1E10C07900A5783F /* Base */,
			);
			name = LaunchScreen.storyboard;
			sourceTree = "<group>";
		};
/* End PBXVariantGroup section */

/* Begin XCBuildConfiguration section */
		597E0A451E10C07A00A5783F /* Debug */ = {
			isa = XCBuildConfiguration;
			buildSettings = {
				ALWAYS_SEARCH_USER_PATHS = NO;
				CLANG_ANALYZER_NONNULL = YES;
				CLANG_CXX_LANGUAGE_STANDARD = "gnu++0x";
				CLANG_CXX_LIBRARY = "libc++";
				CLANG_ENABLE_MODULES = YES;
				CLANG_ENABLE_OBJC_ARC = YES;
				CLANG_WARN_BOOL_CONVERSION = YES;
				CLANG_WARN_CONSTANT_CONVERSION = YES;
				CLANG_WARN_DIRECT_OBJC_ISA_USAGE = YES_ERROR;
				CLANG_WARN_DOCUMENTATION_COMMENTS = YES;
				CLANG_WARN_EMPTY_BODY = YES;
				CLANG_WARN_ENUM_CONVERSION = YES;
				CLANG_WARN_INFINITE_RECURSION = YES;
				CLANG_WARN_INT_CONVERSION = YES;
				CLANG_WARN_OBJC_ROOT_CLASS = YES_ERROR;
				CLANG_WARN_SUSPICIOUS_MOVE = YES;
				CLANG_WARN_UNREACHABLE_CODE = YES;
				CLANG_WARN__DUPLICATE_METHOD_MATCH = YES;
				"CODE_SIGN_IDENTITY[sdk=iphoneos*]" = "iPhone Developer";
				COPY_PHASE_STRIP = NO;
				DEBUG_INFORMATION_FORMAT = dwarf;
				ENABLE_STRICT_OBJC_MSGSEND = YES;
				ENABLE_TESTABILITY = YES;
				GCC_C_LANGUAGE_STANDARD = gnu99;
				GCC_DYNAMIC_NO_PIC = NO;
				GCC_NO_COMMON_BLOCKS = YES;
				GCC_OPTIMIZATION_LEVEL = 0;
				GCC_PREPROCESSOR_DEFINITIONS = (
					"DEBUG=1",
					"$(inherited)",
				);
				GCC_WARN_64_TO_32_BIT_CONVERSION = YES;
				GCC_WARN_ABOUT_RETURN_TYPE = YES_ERROR;
				GCC_WARN_UNDECLARED_SELECTOR = YES;
				GCC_WARN_UNINITIALIZED_AUTOS = YES_AGGRESSIVE;
				GCC_WARN_UNUSED_FUNCTION = YES;
				GCC_WARN_UNUSED_VARIABLE = YES;
				IPHONEOS_DEPLOYMENT_TARGET = 10.2;
				MTL_ENABLE_DEBUG_INFO = YES;
				ONLY_ACTIVE_ARCH = YES;
				SDKROOT = iphoneos;
			};
			name = Debug;
		};
		597E0A461E10C07A00A5783F /* Release */ = {
			isa = XCBuildConfiguration;
			buildSettings = {
				ALWAYS_SEARCH_USER_PATHS = NO;
				CLANG_ANALYZER_NONNULL = YES;
				CLANG_CXX_LANGUAGE_STANDARD = "gnu++0x";
				CLANG_CXX_LIBRARY = "libc++";
				CLANG_ENABLE_MODULES = YES;
				CLANG_ENABLE_OBJC_ARC = YES;
				CLANG_WARN_BOOL_CONVERSION = YES;
				CLANG_WARN_CONSTANT_CONVERSION = YES;
				CLANG_WARN_DIRECT_OBJC_ISA_USAGE = YES_ERROR;
				CLANG_WARN_DOCUMENTATION_COMMENTS = YES;
				CLANG_WARN_EMPTY_BODY = YES;
				CLANG_WARN_ENUM_CONVERSION = YES;
				CLANG_WARN_INFINITE_RECURSION = YES;
				CLANG_WARN_INT_CONVERSION = YES;
				CLANG_WARN_OBJC_ROOT_CLASS = YES_ERROR;
				CLANG_WARN_SUSPICIOUS_MOVE = YES;
				CLANG_WARN_UNREACHABLE_CODE = YES;
				CLANG_WARN__DUPLICATE_METHOD_MATCH = YES;
				"CODE_SIGN_IDENTITY[sdk=iphoneos*]" = "iPhone Developer";
				COPY_PHASE_STRIP = NO;
				DEBUG_INFORMATION_FORMAT = "dwarf-with-dsym";
				ENABLE_NS_ASSERTIONS = NO;
				ENABLE_STRICT_OBJC_MSGSEND = YES;
				GCC_C_LANGUAGE_STANDARD = gnu99;
				GCC_NO_COMMON_BLOCKS = YES;
				GCC_WARN_64_TO_32_BIT_CONVERSION = YES;
				GCC_WARN_ABOUT_RETURN_TYPE = YES_ERROR;
				GCC_WARN_UNDECLARED_SELECTOR = YES;
				GCC_WARN_UNINITIALIZED_AUTOS = YES_AGGRESSIVE;
				GCC_WARN_UNUSED_FUNCTION = YES;
				GCC_WARN_UNUSED_VARIABLE = YES;
				IPHONEOS_DEPLOYMENT_TARGET = 10.2;
				MTL_ENABLE_DEBUG_INFO = NO;
				SDKROOT = iphoneos;
				VALIDATE_PRODUCT = YES;
			};
			name = Release;
		};
		597E0A481E10C07A00A5783F /* Debug */ = {
			isa = XCBuildConfiguration;
			buildSettings = {
				ASSETCATALOG_COMPILER_APPICON_NAME = AppIcon;
				INFOPLIST_FILE = ChGifImageView/Info.plist;
				LD_RUNPATH_SEARCH_PATHS = "$(inherited) @executable_path/Frameworks";
				PRODUCT_BUNDLE_IDENTIFIER = com.ashuro.ChGifImageView;
				PRODUCT_NAME = "$(TARGET_NAME)";
			};
			name = Debug;
		};
		597E0A491E10C07A00A5783F /* Release */ = {
			isa = XCBuildConfiguration;
			buildSettings = {
				ASSETCATALOG_COMPILER_APPICON_NAME = AppIcon;
				INFOPLIST_FILE = ChGifImageView/Info.plist;
				LD_RUNPATH_SEARCH_PATHS = "$(inherited) @executable_path/Frameworks";
				PRODUCT_BUNDLE_IDENTIFIER = com.ashuro.ChGifImageView;
				PRODUCT_NAME = "$(TARGET_NAME)";
			};
			name = Release;
		};
		597E0A4B1E10C07A00A5783F /* Debug */ = {
			isa = XCBuildConfiguration;
			buildSettings = {
				BUNDLE_LOADER = "$(TEST_HOST)";
				INFOPLIST_FILE = ChGifImageViewTests/Info.plist;
				LD_RUNPATH_SEARCH_PATHS = "$(inherited) @executable_path/Frameworks @loader_path/Frameworks";
				PRODUCT_BUNDLE_IDENTIFIER = com.ashuro.ChGifImageViewTests;
				PRODUCT_NAME = "$(TARGET_NAME)";
				TEST_HOST = "$(BUILT_PRODUCTS_DIR)/ChGifImageView.app/ChGifImageView";
			};
			name = Debug;
		};
		597E0A4C1E10C07A00A5783F /* Release */ = {
			isa = XCBuildConfiguration;
			buildSettings = {
				BUNDLE_LOADER = "$(TEST_HOST)";
				INFOPLIST_FILE = ChGifImageViewTests/Info.plist;
				LD_RUNPATH_SEARCH_PATHS = "$(inherited) @executable_path/Frameworks @loader_path/Frameworks";
				PRODUCT_BUNDLE_IDENTIFIER = com.ashuro.ChGifImageViewTests;
				PRODUCT_NAME = "$(TARGET_NAME)";
				TEST_HOST = "$(BUILT_PRODUCTS_DIR)/ChGifImageView.app/ChGifImageView";
			};
			name = Release;
		};
		597E0A4E1E10C07A00A5783F /* Debug */ = {
			isa = XCBuildConfiguration;
			buildSettings = {
				INFOPLIST_FILE = ChGifImageViewUITests/Info.plist;
				LD_RUNPATH_SEARCH_PATHS = "$(inherited) @executable_path/Frameworks @loader_path/Frameworks";
				PRODUCT_BUNDLE_IDENTIFIER = com.ashuro.ChGifImageViewUITests;
				PRODUCT_NAME = "$(TARGET_NAME)";
				TEST_TARGET_NAME = ChGifImageView;
			};
			name = Debug;
		};
		597E0A4F1E10C07A00A5783F /* Release */ = {
			isa = XCBuildConfiguration;
			buildSettings = {
				INFOPLIST_FILE = ChGifImageViewUITests/Info.plist;
				LD_RUNPATH_SEARCH_PATHS = "$(inherited) @executable_path/Frameworks @loader_path/Frameworks";
				PRODUCT_BUNDLE_IDENTIFIER = com.ashuro.ChGifImageViewUITests;
				PRODUCT_NAME = "$(TARGET_NAME)";
				TEST_TARGET_NAME = ChGifImageView;
			};
			name = Release;
		};
/* End XCBuildConfiguration section */

/* Begin XCConfigurationList section */
		597E0A151E10C07900A5783F /* Build configuration list for PBXProject "ChGifImageView" */ = {
			isa = XCConfigurationList;
			buildConfigurations = (
				597E0A451E10C07A00A5783F /* Debug */,
				597E0A461E10C07A00A5783F /* Release */,
			);
			defaultConfigurationIsVisible = 0;
			defaultConfigurationName = Release;
		};
		597E0A471E10C07A00A5783F /* Build configuration list for PBXNativeTarget "ChGifImageView" */ = {
			isa = XCConfigurationList;
			buildConfigurations = (
				597E0A481E10C07A00A5783F /* Debug */,
				597E0A491E10C07A00A5783F /* Release */,
			);
			defaultConfigurationIsVisible = 0;
		};
		597E0A4A1E10C07A00A5783F /* Build configuration list for PBXNativeTarget "ChGifImageViewTests" */ = {
			isa = XCConfigurationList;
			buildConfigurations = (
				597E0A4B1E10C07A00A5783F /* Debug */,
				597E0A4C1E10C07A00A5783F /* Release */,
			);
			defaultConfigurationIsVisible = 0;
		};
		597E0A4D1E10C07A00A5783F /* Build configuration list for PBXNativeTarget "ChGifImageViewUITests" */ = {
			isa = XCConfigurationList;
			buildConfigurations = (
				597E0A4E1E10C07A00A5783F /* Debug */,
				597E0A4F1E10C07A00A5783F /* Release */,
			);
			defaultConfigurationIsVisible = 0;
		};
/* End XCConfigurationList section */
	};
	rootObject = 597E0A121E10C07900A5783F /* Project object */;
}
